
Microsoft Visual Studio Solution File, Format Version 12.00
# Visual Studio Version 16
VisualStudioVersion = 16.0.29006.145
MinimumVisualStudioVersion = 15.0.26124.0
Project("{2150E333-8FDC-42A3-9474-1A3956D46DE8}") = "src", "src", "{8FFDF555-DB50-45F9-9A2D-6410F39151C3}"
	ProjectSection(SolutionItems) = preProject
		src\Directory.Build.props = src\Directory.Build.props
		src\Directory.Build.targets = src\Directory.Build.targets
	EndProjectSection
EndProject
Project("{2150E333-8FDC-42A3-9474-1A3956D46DE8}") = "test", "test", "{DF33E0FB-9790-4654-B60F-8AB22E0CC3D1}"
	ProjectSection(SolutionItems) = preProject
		test\Directory.Build.props = test\Directory.Build.props
		test\Directory.Build.targets = test\Directory.Build.targets
	EndProjectSection
EndProject
Project("{FAE04EC0-301F-11D3-BF4B-00C04F79EFBC}") = "Rocket.Surgery.Cake", "src\Cake\Rocket.Surgery.Cake.csproj", "{651C18FD-6D90-4489-9771-CB9C3C6C35D0}"
EndProject
Project("{FAE04EC0-301F-11D3-BF4B-00C04F79EFBC}") = "Rocket.Surgery.Cake.Application", "src\Cake.Application\Rocket.Surgery.Cake.Application.csproj", "{F21BDB6B-D763-4C72-9D17-E51E1944E53F}"
EndProject
Project("{FAE04EC0-301F-11D3-BF4B-00C04F79EFBC}") = "Rocket.Surgery.Cake.Library", "src\Cake.Library\Rocket.Surgery.Cake.Library.csproj", "{9601724D-2D32-4997-B64B-674CEE13D3D6}"
EndProject
Project("{FAE04EC0-301F-11D3-BF4B-00C04F79EFBC}") = "Rocket.Surgery.Cake.Scripts", "src\Cake.Scripts\Rocket.Surgery.Cake.Scripts.csproj", "{5652930F-294A-45A7-8316-13CC56DD5F04}"
EndProject
Project("{FAE04EC0-301F-11D3-BF4B-00C04F79EFBC}") = "Rocket.Surgery.Cake.Tests", "test\Cake.Tests\Rocket.Surgery.Cake.Tests.csproj", "{92DF0814-90C4-479D-B0E4-C8773C3F230B}"
EndProject
Global
	GlobalSection(SolutionConfigurationPlatforms) = preSolution
		Debug|Any CPU = Debug|Any CPU
		Debug|x64 = Debug|x64
		Debug|x86 = Debug|x86
		Release|Any CPU = Release|Any CPU
		Release|x64 = Release|x64
		Release|x86 = Release|x86
	EndGlobalSection
	GlobalSection(ProjectConfigurationPlatforms) = postSolution
		{651C18FD-6D90-4489-9771-CB9C3C6C35D0}.Debug|Any CPU.ActiveCfg = Debug|Any CPU
		{651C18FD-6D90-4489-9771-CB9C3C6C35D0}.Debug|Any CPU.Build.0 = Debug|Any CPU
		{651C18FD-6D90-4489-9771-CB9C3C6C35D0}.Debug|x64.ActiveCfg = Debug|Any CPU
		{651C18FD-6D90-4489-9771-CB9C3C6C35D0}.Debug|x64.Build.0 = Debug|Any CPU
		{651C18FD-6D90-4489-9771-CB9C3C6C35D0}.Debug|x86.ActiveCfg = Debug|Any CPU
		{651C18FD-6D90-4489-9771-CB9C3C6C35D0}.Debug|x86.Build.0 = Debug|Any CPU
		{651C18FD-6D90-4489-9771-CB9C3C6C35D0}.Release|Any CPU.ActiveCfg = Release|Any CPU
		{651C18FD-6D90-4489-9771-CB9C3C6C35D0}.Release|Any CPU.Build.0 = Release|Any CPU
		{651C18FD-6D90-4489-9771-CB9C3C6C35D0}.Release|x64.ActiveCfg = Release|Any CPU
		{651C18FD-6D90-4489-9771-CB9C3C6C35D0}.Release|x64.Build.0 = Release|Any CPU
		{651C18FD-6D90-4489-9771-CB9C3C6C35D0}.Release|x86.ActiveCfg = Release|Any CPU
		{651C18FD-6D90-4489-9771-CB9C3C6C35D0}.Release|x86.Build.0 = Release|Any CPU
		{F21BDB6B-D763-4C72-9D17-E51E1944E53F}.Debug|Any CPU.ActiveCfg = Debug|Any CPU
		{F21BDB6B-D763-4C72-9D17-E51E1944E53F}.Debug|Any CPU.Build.0 = Debug|Any CPU
		{F21BDB6B-D763-4C72-9D17-E51E1944E53F}.Debug|x64.ActiveCfg = Debug|Any CPU
		{F21BDB6B-D763-4C72-9D17-E51E1944E53F}.Debug|x64.Build.0 = Debug|Any CPU
		{F21BDB6B-D763-4C72-9D17-E51E1944E53F}.Debug|x86.ActiveCfg = Debug|Any CPU
		{F21BDB6B-D763-4C72-9D17-E51E1944E53F}.Debug|x86.Build.0 = Debug|Any CPU
		{F21BDB6B-D763-4C72-9D17-E51E1944E53F}.Release|Any CPU.ActiveCfg = Release|Any CPU
		{F21BDB6B-D763-4C72-9D17-E51E1944E53F}.Release|Any CPU.Build.0 = Release|Any CPU
		{F21BDB6B-D763-4C72-9D17-E51E1944E53F}.Release|x64.ActiveCfg = Release|Any CPU
		{F21BDB6B-D763-4C72-9D17-E51E1944E53F}.Release|x64.Build.0 = Release|Any CPU
		{F21BDB6B-D763-4C72-9D17-E51E1944E53F}.Release|x86.ActiveCfg = Release|Any CPU
		{F21BDB6B-D763-4C72-9D17-E51E1944E53F}.Release|x86.Build.0 = Release|Any CPU
		{9601724D-2D32-4997-B64B-674CEE13D3D6}.Debug|Any CPU.ActiveCfg = Debug|Any CPU
		{9601724D-2D32-4997-B64B-674CEE13D3D6}.Debug|Any CPU.Build.0 = Debug|Any CPU
		{9601724D-2D32-4997-B64B-674CEE13D3D6}.Debug|x64.ActiveCfg = Debug|Any CPU
		{9601724D-2D32-4997-B64B-674CEE13D3D6}.Debug|x64.Build.0 = Debug|Any CPU
		{9601724D-2D32-4997-B64B-674CEE13D3D6}.Debug|x86.ActiveCfg = Debug|Any CPU
		{9601724D-2D32-4997-B64B-674CEE13D3D6}.Debug|x86.Build.0 = Debug|Any CPU
		{9601724D-2D32-4997-B64B-674CEE13D3D6}.Release|Any CPU.ActiveCfg = Release|Any CPU
		{9601724D-2D32-4997-B64B-674CEE13D3D6}.Release|Any CPU.Build.0 = Release|Any CPU
		{9601724D-2D32-4997-B64B-674CEE13D3D6}.Release|x64.ActiveCfg = Release|Any CPU
		{9601724D-2D32-4997-B64B-674CEE13D3D6}.Release|x64.Build.0 = Release|Any CPU
		{9601724D-2D32-4997-B64B-674CEE13D3D6}.Release|x86.ActiveCfg = Release|Any CPU
		{9601724D-2D32-4997-B64B-674CEE13D3D6}.Release|x86.Build.0 = Release|Any CPU
		{5652930F-294A-45A7-8316-13CC56DD5F04}.Debug|Any CPU.ActiveCfg = Debug|Any CPU
		{5652930F-294A-45A7-8316-13CC56DD5F04}.Debug|Any CPU.Build.0 = Debug|Any CPU
		{5652930F-294A-45A7-8316-13CC56DD5F04}.Debug|x64.ActiveCfg = Debug|Any CPU
		{5652930F-294A-45A7-8316-13CC56DD5F04}.Debug|x64.Build.0 = Debug|Any CPU
		{5652930F-294A-45A7-8316-13CC56DD5F04}.Debug|x86.ActiveCfg = Debug|Any CPU
		{5652930F-294A-45A7-8316-13CC56DD5F04}.Debug|x86.Build.0 = Debug|Any CPU
		{5652930F-294A-45A7-8316-13CC56DD5F04}.Release|Any CPU.ActiveCfg = Release|Any CPU
		{5652930F-294A-45A7-8316-13CC56DD5F04}.Release|Any CPU.Build.0 = Release|Any CPU
		{5652930F-294A-45A7-8316-13CC56DD5F04}.Release|x64.ActiveCfg = Release|Any CPU
		{5652930F-294A-45A7-8316-13CC56DD5F04}.Release|x64.Build.0 = Release|Any CPU
		{5652930F-294A-45A7-8316-13CC56DD5F04}.Release|x86.ActiveCfg = Release|Any CPU
		{5652930F-294A-45A7-8316-13CC56DD5F04}.Release|x86.Build.0 = Release|Any CPU
		{92DF0814-90C4-479D-B0E4-C8773C3F230B}.Debug|Any CPU.ActiveCfg = Debug|Any CPU
		{92DF0814-90C4-479D-B0E4-C8773C3F230B}.Debug|Any CPU.Build.0 = Debug|Any CPU
		{92DF0814-90C4-479D-B0E4-C8773C3F230B}.Debug|x64.ActiveCfg = Debug|Any CPU
		{92DF0814-90C4-479D-B0E4-C8773C3F230B}.Debug|x64.Build.0 = Debug|Any CPU
		{92DF0814-90C4-479D-B0E4-C8773C3F230B}.Debug|x86.ActiveCfg = Debug|Any CPU
		{92DF0814-90C4-479D-B0E4-C8773C3F230B}.Debug|x86.Build.0 = Debug|Any CPU
		{92DF0814-90C4-479D-B0E4-C8773C3F230B}.Release|Any CPU.ActiveCfg = Release|Any CPU
		{92DF0814-90C4-479D-B0E4-C8773C3F230B}.Release|Any CPU.Build.0 = Release|Any CPU
		{92DF0814-90C4-479D-B0E4-C8773C3F230B}.Release|x64.ActiveCfg = Release|Any CPU
		{92DF0814-90C4-479D-B0E4-C8773C3F230B}.Release|x64.Build.0 = Release|Any CPU
		{92DF0814-90C4-479D-B0E4-C8773C3F230B}.Release|x86.ActiveCfg = Release|Any CPU
		{92DF0814-90C4-479D-B0E4-C8773C3F230B}.Release|x86.Build.0 = Release|Any CPU
	EndGlobalSection
	GlobalSection(SolutionProperties) = preSolution
		HideSolutionNode = FALSE
	EndGlobalSection
	GlobalSection(ExtensibilityGlobals) = postSolution
		SolutionGuid = {439897C2-CCBD-44FE-B2DC-A3E4670ADA59}
	EndGlobalSection
	GlobalSection(NestedProjects) = preSolution
		{651C18FD-6D90-4489-9771-CB9C3C6C35D0} = {8FFDF555-DB50-45F9-9A2D-6410F39151C3}
		{F21BDB6B-D763-4C72-9D17-E51E1944E53F} = {8FFDF555-DB50-45F9-9A2D-6410F39151C3}
		{9601724D-2D32-4997-B64B-674CEE13D3D6} = {8FFDF555-DB50-45F9-9A2D-6410F39151C3}
		{5652930F-294A-45A7-8316-13CC56DD5F04} = {8FFDF555-DB50-45F9-9A2D-6410F39151C3}
		{92DF0814-90C4-479D-B0E4-C8773C3F230B} = {DF33E0FB-9790-4654-B60F-8AB22E0CC3D1}
	EndGlobalSection
EndGlobal
